# THIS IS AN AUTOGENERATED FILE. DO NOT EDIT THIS FILE DIRECTLY.
# yarn lockfile v1


"@next/env@13.1.6":
  version "13.1.6"
  resolved "https://registry.yarnpkg.com/@next/env/-/env-13.1.6.tgz#c4925609f16142ded1a5cb833359ab17359b7a93"
  integrity sha512-s+W9Fdqh5MFk6ECrbnVmmAOwxKQuhGMT7xXHrkYIBMBcTiOqNWhv5KbJIboKR5STXxNXl32hllnvKaffzFaWQg==

"@next/swc-android-arm-eabi@13.1.6":
  version "13.1.6"
  resolved "https://registry.yarnpkg.com/@next/swc-android-arm-eabi/-/swc-android-arm-eabi-13.1.6.tgz#d766dfc10e27814d947b20f052067c239913dbcc"
  integrity sha512-F3/6Z8LH/pGlPzR1AcjPFxx35mPqjE5xZcf+IL+KgbW9tMkp7CYi1y7qKrEWU7W4AumxX/8OINnDQWLiwLasLQ==

"@next/swc-android-arm64@13.1.6":
  version "13.1.6"
  resolved "https://registry.yarnpkg.com/@next/swc-android-arm64/-/swc-android-arm64-13.1.6.tgz#f37a98d5f18927d8c9970d750d516ac779465176"
  integrity sha512-cMwQjnB8vrYkWyK/H0Rf2c2pKIH4RGjpKUDvbjVAit6SbwPDpmaijLio0LWFV3/tOnY6kvzbL62lndVA0mkYpw==

"@next/swc-darwin-arm64@13.1.6":
  version "13.1.6"
  resolved "https://registry.yarnpkg.com/@next/swc-darwin-arm64/-/swc-darwin-arm64-13.1.6.tgz#ec1b90fd9bf809d8b81004c5182e254dced4ad96"
  integrity sha512-KKRQH4DDE4kONXCvFMNBZGDb499Hs+xcFAwvj+rfSUssIDrZOlyfJNy55rH5t2Qxed1e4K80KEJgsxKQN1/fyw==

"@next/swc-darwin-x64@13.1.6":
  version "13.1.6"
  resolved "https://registry.yarnpkg.com/@next/swc-darwin-x64/-/swc-darwin-x64-13.1.6.tgz#e869ac75d16995eee733a7d1550322d9051c1eb4"
  integrity sha512-/uOky5PaZDoaU99ohjtNcDTJ6ks/gZ5ykTQDvNZDjIoCxFe3+t06bxsTPY6tAO6uEAw5f6vVFX5H5KLwhrkZCA==

"@next/swc-freebsd-x64@13.1.6":
  version "13.1.6"
  resolved "https://registry.yarnpkg.com/@next/swc-freebsd-x64/-/swc-freebsd-x64-13.1.6.tgz#84a7b2e423a2904afc2edca21c2f1ba6b53fa4c1"
  integrity sha512-qaEALZeV7to6weSXk3Br80wtFQ7cFTpos/q+m9XVRFggu+8Ib895XhMWdJBzew6aaOcMvYR6KQ6JmHA2/eMzWw==

"@next/swc-linux-arm-gnueabihf@13.1.6":
  version "13.1.6"
  resolved "https://registry.yarnpkg.com/@next/swc-linux-arm-gnueabihf/-/swc-linux-arm-gnueabihf-13.1.6.tgz#980eed1f655ff8a72187d8a6ef9e73ac39d20d23"
  integrity sha512-OybkbC58A1wJ+JrJSOjGDvZzrVEQA4sprJejGqMwiZyLqhr9Eo8FXF0y6HL+m1CPCpPhXEHz/2xKoYsl16kNqw==

"@next/swc-linux-arm64-gnu@13.1.6":
  version "13.1.6"
  resolved "https://registry.yarnpkg.com/@next/swc-linux-arm64-gnu/-/swc-linux-arm64-gnu-13.1.6.tgz#87a71db21cded3f7c63d1d19079845c59813c53d"
  integrity sha512-yCH+yDr7/4FDuWv6+GiYrPI9kcTAO3y48UmaIbrKy8ZJpi7RehJe3vIBRUmLrLaNDH3rY1rwoHi471NvR5J5NQ==

"@next/swc-linux-arm64-musl@13.1.6":
  version "13.1.6"
  resolved "https://registry.yarnpkg.com/@next/swc-linux-arm64-musl/-/swc-linux-arm64-musl-13.1.6.tgz#c5aac8619331b9fd030603bbe2b36052011e11de"
  integrity sha512-ECagB8LGX25P9Mrmlc7Q/TQBb9rGScxHbv/kLqqIWs2fIXy6Y/EiBBiM72NTwuXUFCNrWR4sjUPSooVBJJ3ESQ==

"@next/swc-linux-x64-gnu@13.1.6":
  version "13.1.6"
  resolved "https://registry.yarnpkg.com/@next/swc-linux-x64-gnu/-/swc-linux-x64-gnu-13.1.6.tgz#9513d36d540bbfea575576746736054c31aacdea"
  integrity sha512-GT5w2mruk90V/I5g6ScuueE7fqj/d8Bui2qxdw6lFxmuTgMeol5rnzAv4uAoVQgClOUO/MULilzlODg9Ib3Y4Q==

"@next/swc-linux-x64-musl@13.1.6":
  version "13.1.6"
  resolved "https://registry.yarnpkg.com/@next/swc-linux-x64-musl/-/swc-linux-x64-musl-13.1.6.tgz#d61fc6884899f5957251f4ce3f522e34a2c479b7"
  integrity sha512-keFD6KvwOPzmat4TCnlnuxJCQepPN+8j3Nw876FtULxo8005Y9Ghcl7ACcR8GoiKoddAq8gxNBrpjoxjQRHeAQ==

"@next/swc-win32-arm64-msvc@13.1.6":
  version "13.1.6"
  resolved "https://registry.yarnpkg.com/@next/swc-win32-arm64-msvc/-/swc-win32-arm64-msvc-13.1.6.tgz#fac2077a8ae9768e31444c9ae90807e64117cda7"
  integrity sha512-OwertslIiGQluFvHyRDzBCIB07qJjqabAmINlXUYt7/sY7Q7QPE8xVi5beBxX/rxTGPIbtyIe3faBE6Z2KywhQ==

"@next/swc-win32-ia32-msvc@13.1.6":
  version "13.1.6"
  resolved "https://registry.yarnpkg.com/@next/swc-win32-ia32-msvc/-/swc-win32-ia32-msvc-13.1.6.tgz#498bc11c91b4c482a625bf4b978f98ae91111e46"
  integrity sha512-g8zowiuP8FxUR9zslPmlju7qYbs2XBtTLVSxVikPtUDQedhcls39uKYLvOOd1JZg0ehyhopobRoH1q+MHlIN/w==

"@next/swc-win32-x64-msvc@13.1.6":
  version "13.1.6"
  resolved "https://registry.yarnpkg.com/@next/swc-win32-x64-msvc/-/swc-win32-x64-msvc-13.1.6.tgz#17ed919c723426b7d0ce1cd73d40ce3dcd342089"
  integrity sha512-Ls2OL9hi3YlJKGNdKv8k3X/lLgc3VmLG3a/DeTkAd+lAituJp8ZHmRmm9f9SL84fT3CotlzcgbdaCDfFwFA6bA==

"@react-spring/animated@~9.7.0":
  version "9.7.0"
  resolved "https://registry.yarnpkg.com/@react-spring/animated/-/animated-9.7.0.tgz#5e16a9772ae8fc2fdb14c7eb8697bc55bcf4d0e2"
  integrity sha512-ukd3TRkprLBgNc6lhOqmGMZTthEPOcxc9y7dIeyKzqtRwwYuUyMl1qQcSWynKAh3tmN3rmPXKMbwQNBZp7hxxQ==
  dependencies:
    "@react-spring/shared" "~9.7.0"
    "@react-spring/types" "~9.7.0"

"@react-spring/core@~9.7.0":
  version "9.7.0"
  resolved "https://registry.yarnpkg.com/@react-spring/core/-/core-9.7.0.tgz#53b189d1a431f71023b3ed7728f5b154a72fd30a"
  integrity sha512-M+a1uNg0xdd1ZfjQJX+S1VwnPTC12Q4F/P03dwINkvdphaUF4Y2nXi8dmww+WB+LtjPA4qN4kBt8PJwe0RJNnw==
  dependencies:
    "@react-spring/animated" "~9.7.0"
    "@react-spring/rafz" "~9.7.0"
    "@react-spring/shared" "~9.7.0"
    "@react-spring/types" "~9.7.0"

"@react-spring/konva@~9.7.0":
  version "9.7.0"
  resolved "https://registry.yarnpkg.com/@react-spring/konva/-/konva-9.7.0.tgz#63b298ee5075a7d127c87c6ff24c48ad315e600a"
  integrity sha512-T+kDItYZx6SZXwxSFyV5uQHxgBhGJ8qUPcaHliHP8F3Z12CFcy7uAR9rXw9yqOwRdCRBTelZYU8tZIJwFmNrWQ==
  dependencies:
    "@react-spring/animated" "~9.7.0"
    "@react-spring/core" "~9.7.0"
    "@react-spring/shared" "~9.7.0"
    "@react-spring/types" "~9.7.0"

"@react-spring/native@~9.7.0":
  version "9.7.0"
  resolved "https://registry.yarnpkg.com/@react-spring/native/-/native-9.7.0.tgz#1cb509384dc316fa48ada60d6081c462daa85f34"
  integrity sha512-eMhE3QSNYR1g79Fl27bdIjPAOv20GxHX3dAx0XmFwvrGC5RILEEbV2VcXh22IeNIXME3sxqI7h1MW36p0mxOqQ==
  dependencies:
    "@react-spring/animated" "~9.7.0"
    "@react-spring/core" "~9.7.0"
    "@react-spring/shared" "~9.7.0"
    "@react-spring/types" "~9.7.0"

"@react-spring/rafz@~9.7.0":
  version "9.7.0"
  resolved "https://registry.yarnpkg.com/@react-spring/rafz/-/rafz-9.7.0.tgz#b4962b8b4ad495d686a1fd8a31b2cbef839ed0f1"
  integrity sha512-ooEWZyWBQ9leY0SEn2oc2Kq/93DiIwpbbQQwNlFBpJAjib201vxh2TgZi/9WPnsBm+qHzk7LXzVhHIBvoOwTcQ==

"@react-spring/shared@~9.7.0":
  version "9.7.0"
  resolved "https://registry.yarnpkg.com/@react-spring/shared/-/shared-9.7.0.tgz#54f7a71b9795420e5e1933cd432f185c9d7f952b"
  integrity sha512-RbRrG9dbiUuAe7MhQMFmT8NVGdb54qGG4W4xqX2JjVqrpEEUlnqqsq32AGaPYzGpxY/8qLt+G3i7Me/jaO8pvg==
  dependencies:
    "@react-spring/rafz" "~9.7.0"
    "@react-spring/types" "~9.7.0"

"@react-spring/three@~9.7.0":
  version "9.7.0"
  resolved "https://registry.yarnpkg.com/@react-spring/three/-/three-9.7.0.tgz#2e05c68eb878eb63a085412d8b1231db5d27b44b"
  integrity sha512-oWTBukeBYAgi4S3F8p2J89s0ykDFX4SPTCjy4vZrfj7kSbaxN07OJdkreraofzW8HXgj7uGCNAu/bjRt6JMfMg==
  dependencies:
    "@react-spring/animated" "~9.7.0"
    "@react-spring/core" "~9.7.0"
    "@react-spring/shared" "~9.7.0"
    "@react-spring/types" "~9.7.0"

"@react-spring/types@~9.7.0":
  version "9.7.0"
  resolved "https://registry.yarnpkg.com/@react-spring/types/-/types-9.7.0.tgz#1b19f9c07bc3ecb2bc7a253ec100f122ace14199"
  integrity sha512-YEmhgtV7b6cNErxgYtlFpd/7N1EKV4IvxWjvLP3WVXi4xBhvBW7a3MCoHXzeTGbdWVK/YLnDh7BgJ542DwLZvg==

"@react-spring/web@~9.7.0":
  version "9.7.0"
  resolved "https://registry.yarnpkg.com/@react-spring/web/-/web-9.7.0.tgz#8e8b7857f037b6d7584300e6016b42cc0a2db6d1"
  integrity sha512-+mGRMHOpuewAeCuWnoD0FJG7xIkXNlF+OAjkv3RuuvkiUmex1RSRlXTAS/nrvksASx2k9AgMZUWgg7NGK/hFWQ==
  dependencies:
    "@react-spring/animated" "~9.7.0"
    "@react-spring/core" "~9.7.0"
    "@react-spring/shared" "~9.7.0"
    "@react-spring/types" "~9.7.0"

"@react-spring/zdog@~9.7.0":
  version "9.7.0"
  resolved "https://registry.yarnpkg.com/@react-spring/zdog/-/zdog-9.7.0.tgz#39edf2294b042866fb64e17c970b43405d4664dd"
  integrity sha512-fz7vbB/U92yPKqM9X9/LyL4d8ElVS8NVbhqZI7jC1UVN0eI4ewECP76Dnx5bqv01++IO+PhV1AD35B9kAkvtpA==
  dependencies:
    "@react-spring/animated" "~9.7.0"
    "@react-spring/core" "~9.7.0"
    "@react-spring/shared" "~9.7.0"
    "@react-spring/types" "~9.7.0"

"@swc/helpers@0.4.14":
  version "0.4.14"
  resolved "https://registry.yarnpkg.com/@swc/helpers/-/helpers-0.4.14.tgz#1352ac6d95e3617ccb7c1498ff019654f1e12a74"
  integrity sha512-4C7nX/dvpzB7za4Ql9K81xK3HPxCpHMgwTZVyf+9JQ6VUbn9jjZVN7/Nkdz/Ugzs2CSjqnL/UPXroiVBVHUWUw==
  dependencies:
    tslib "^2.4.0"

"@types/node@^18.14.1":
  version "18.14.1"
  resolved "https://registry.yarnpkg.com/@types/node/-/node-18.14.1.tgz#90dad8476f1e42797c49d6f8b69aaf9f876fc69f"
  integrity sha512-QH+37Qds3E0eDlReeboBxfHbX9omAcBCXEzswCu6jySP642jiM3cYSIkU/REqwhCUqXdonHFuBfJDiAJxMNhaQ==

"@types/prop-types@*":
  version "15.7.3"
  resolved "https://registry.yarnpkg.com/@types/prop-types/-/prop-types-15.7.3.tgz#2ab0d5da2e5815f94b0b9d4b95d1e5f243ab2ca7"
  integrity sha512-KfRL3PuHmqQLOG+2tGpRO26Ctg+Cq1E01D2DMriKEATHgWLfeNDmq9e29Q9WIky0dQ3NPkd1mzYH8Lm936Z9qw==

"@types/react@^18.0.28":
  version "18.0.28"
  resolved "https://registry.yarnpkg.com/@types/react/-/react-18.0.28.tgz#accaeb8b86f4908057ad629a26635fe641480065"
  integrity sha512-RD0ivG1kEztNBdoAK7lekI9M+azSnitIn85h4iOiaLjaTrMjzslhaqCGaI4IyCJ1RljWiLCEu4jyrLLgqxBTew==
  dependencies:
    "@types/prop-types" "*"
    "@types/scheduler" "*"
    csstype "^3.0.2"

"@types/scheduler@*":
  version "0.16.1"
  resolved "https://registry.yarnpkg.com/@types/scheduler/-/scheduler-0.16.1.tgz#18845205e86ff0038517aab7a18a62a6b9f71275"
  integrity sha512-EaCxbanVeyxDRTQBkdLb3Bvl/HK7PBK6UJjsSixB0iHKoWxE5uu2Q/DgtpOhPIojN0Zl1whvOd7PoHs2P0s5eA==

caniuse-lite@^1.0.30001406:
  version "1.0.30001407"
  resolved "https://registry.yarnpkg.com/caniuse-lite/-/caniuse-lite-1.0.30001407.tgz#92281a6ee67cb90bfd8a6a1201fcc2dc19b60a15"
  integrity sha512-4ydV+t4P7X3zH83fQWNDX/mQEzYomossfpViCOx9zHBSMV+rIe3LFqglHHtVyvNl1FhTNxPxs3jei82iqOW04w==

client-only@0.0.1:
  version "0.0.1"
  resolved "https://registry.yarnpkg.com/client-only/-/client-only-0.0.1.tgz#38bba5d403c41ab150bff64a95c85013cf73bca1"
  integrity sha512-IV3Ou0jSMzZrd3pZ48nLkT9DA7Ag1pnPzaiQhpW7c3RbcqqzvzzVu+L8gfqMp/8IM2MQtSiqaCxrrcfu8I8rMA==

csstype@^3.0.2:
  version "3.0.7"
  resolved "https://registry.yarnpkg.com/csstype/-/csstype-3.0.7.tgz#2a5fb75e1015e84dd15692f71e89a1450290950b"
  integrity sha512-KxnUB0ZMlnUWCsx2Z8MUsr6qV6ja1w9ArPErJaJaF8a5SOWoHLIszeCTKGRGRgtLgYrs1E8CHkNSP1VZTTPc9g==

"js-tokens@^3.0.0 || ^4.0.0":
  version "4.0.0"
  resolved "https://registry.yarnpkg.com/js-tokens/-/js-tokens-4.0.0.tgz#19203fb59991df98e3a287050d4647cdeaf32499"
  integrity sha512-RdJUflcE3cUzKiMqQgsCu06FPu9UdIJO0beYbPhHN4k6apgJtifcoCtT9bcxOpYBtpD2kCM6Sbzg4CausW/PKQ==

loose-envify@^1.1.0:
  version "1.4.0"
  resolved "https://registry.yarnpkg.com/loose-envify/-/loose-envify-1.4.0.tgz#71ee51fa7be4caec1a63839f7e682d8132d30caf"
  integrity sha512-lyuxPGr/Wfhrlem2CL/UcnUc1zcqKAImBDzukY7Y5F/yQiNdko6+fRLevlw1HgMySw7f611UIY408EtxRSoK3Q==
  dependencies:
    js-tokens "^3.0.0 || ^4.0.0"

nanoid@^3.3.4:
  version "3.3.4"
  resolved "https://registry.yarnpkg.com/nanoid/-/nanoid-3.3.4.tgz#730b67e3cd09e2deacf03c027c81c9d9dbc5e8ab"
  integrity sha512-MqBkQh/OHTS2egovRtLk45wEyNXwF+cokD+1YPf9u5VfJiRdAiRwB2froX5Co9Rh20xs4siNPm8naNotSD6RBw==

next@13.1.6:
  version "13.1.6"
  resolved "https://registry.yarnpkg.com/next/-/next-13.1.6.tgz#054babe20b601f21f682f197063c9b0b32f1a27c"
  integrity sha512-hHlbhKPj9pW+Cymvfzc15lvhaOZ54l+8sXDXJWm3OBNBzgrVj6hwGPmqqsXg40xO1Leq+kXpllzRPuncpC0Phw==
  dependencies:
    "@next/env" "13.1.6"
    "@swc/helpers" "0.4.14"
    caniuse-lite "^1.0.30001406"
    postcss "8.4.14"
    styled-jsx "5.1.1"
  optionalDependencies:
    "@next/swc-android-arm-eabi" "13.1.6"
    "@next/swc-android-arm64" "13.1.6"
    "@next/swc-darwin-arm64" "13.1.6"
    "@next/swc-darwin-x64" "13.1.6"
    "@next/swc-freebsd-x64" "13.1.6"
    "@next/swc-linux-arm-gnueabihf" "13.1.6"
    "@next/swc-linux-arm64-gnu" "13.1.6"
    "@next/swc-linux-arm64-musl" "13.1.6"
    "@next/swc-linux-x64-gnu" "13.1.6"
    "@next/swc-linux-x64-musl" "13.1.6"
    "@next/swc-win32-arm64-msvc" "13.1.6"
    "@next/swc-win32-ia32-msvc" "13.1.6"
    "@next/swc-win32-x64-msvc" "13.1.6"

picocolors@^1.0.0:
  version "1.0.0"
  resolved "https://registry.yarnpkg.com/picocolors/-/picocolors-1.0.0.tgz#cb5bdc74ff3f51892236eaf79d68bc44564ab81c"
  integrity sha512-1fygroTLlHu66zi26VoTDv8yRgm0Fccecssto+MhsZ0D/DGW2sm8E8AjW7NU5VVTRt5GxbeZ5qBuJr+HyLYkjQ==

postcss@8.4.14:
  version "8.4.14"
  resolved "https://registry.yarnpkg.com/postcss/-/postcss-8.4.14.tgz#ee9274d5622b4858c1007a74d76e42e56fd21caf"
  integrity sha512-E398TUmfAYFPBSdzgeieK2Y1+1cpdxJx8yXbK/m57nRhKSmk1GB2tO4lbLBtlkfPQTDKfe4Xqv1ASWPpayPEig==
  dependencies:
    nanoid "^3.3.4"
    picocolors "^1.0.0"
    source-map-js "^1.0.2"

react-dom@18.2.0:
  version "18.2.0"
  resolved "https://registry.yarnpkg.com/react-dom/-/react-dom-18.2.0.tgz#22aaf38708db2674ed9ada224ca4aa708d821e3d"
  integrity sha512-6IMTriUmvsjHUjNtEDudZfuDQUoWXVxKHhlEGSk81n4YFS+r/Kl99wXiwlVXtPBtJenozv2P+hxDsw9eA7Xo6g==
  dependencies:
    loose-envify "^1.1.0"
    scheduler "^0.23.0"

react-spring@^9.7.0:
  version "9.7.0"
  resolved "https://registry.yarnpkg.com/react-spring/-/react-spring-9.7.0.tgz#f9b3c3bd4625ff9d9d6c51902863060641f010b4"
  integrity sha512-KeF56ly+y0NUJcsAb1yRgq1toyUun8laLoZTKZixb3b6waO9lZyFaIZiNJEM6a8D+6j0uuDxGFEXeEgfH/4PmA==
  dependencies:
    "@react-spring/core" "~9.7.0"
    "@react-spring/konva" "~9.7.0"
    "@react-spring/native" "~9.7.0"
    "@react-spring/three" "~9.7.0"
    "@react-spring/web" "~9.7.0"
    "@react-spring/zdog" "~9.7.0"

react@18.2.0:
  version "18.2.0"
  resolved "https://registry.yarnpkg.com/react/-/react-18.2.0.tgz#555bd98592883255fa00de14f1151a917b5d77d5"
  integrity sha512-/3IjMdb2L9QbBdWiW5e3P2/npwMBaU9mHCSCUzNln0ZCYbcfTsGbTJrU/kGemdH2IWmB2ioZ+zkxtmq6g09fGQ==
  dependencies:
    loose-envify "^1.1.0"

scheduler@^0.23.0:
  version "0.23.0"
  resolved "https://registry.yarnpkg.com/scheduler/-/scheduler-0.23.0.tgz#ba8041afc3d30eb206a487b6b384002e4e61fdfe"
  integrity sha512-CtuThmgHNg7zIZWAXi3AsyIzA3n4xx7aNyjwC2VJldO2LMVDhFK+63xGqq6CsJH4rTAt6/M+N4GhZiDYPx9eUw==
  dependencies:
    loose-envify "^1.1.0"

source-map-js@^1.0.2:
  version "1.0.2"
  resolved "https://registry.yarnpkg.com/source-map-js/-/source-map-js-1.0.2.tgz#adbc361d9c62df380125e7f161f71c826f1e490c"
  integrity sha512-R0XvVJ9WusLiqTCEiGCmICCMplcCkIwwR11mOSD9CR5u+IXYdiseeEuXCVAjS54zqwkLcPNnmU4OeJ6tUrWhDw==

styled-jsx@5.1.1:
  version "5.1.1"
  resolved "https://registry.yarnpkg.com/styled-jsx/-/styled-jsx-5.1.1.tgz#839a1c3aaacc4e735fed0781b8619ea5d0009d1f"
  integrity sha512-pW7uC1l4mBZ8ugbiZrcIsiIvVx1UmTfw7UkC3Um2tmfUq9Bhk8IiyEIPl6F8agHgjzku6j0xQEZbfA5uSgSaCw==
  dependencies:
    client-only "0.0.1"

tslib@^2.4.0:
  version "2.4.0"
  resolved "https://registry.yarnpkg.com/tslib/-/tslib-2.4.0.tgz#7cecaa7f073ce680a05847aa77be941098f36dc3"
  integrity sha512-d6xOpEDfsi2CZVlPQzGeux8XMwLT9hssAsaPYExaQMuYskwb+x1x7J371tWlbBdWHroy99KnVB6qIkUbs5X3UQ==

typescript@^4.9.5:
  version "4.9.5"
  resolved "https://registry.yarnpkg.com/typescript/-/typescript-4.9.5.tgz#095979f9bcc0d09da324d58d03ce8f8374cbe65a"
  integrity sha512-1FXk9E2Hm+QzZQ7z+McJiHL4NW1F2EzMu9Nq9i3zAaGqibafqYwCVU6WyWAuyQRRzOlxou8xZSyXLEN8oKj24g==
