# THIS IS AN AUTOGENERATED FILE. DO NOT EDIT THIS FILE DIRECTLY.
# yarn lockfile v1


"@next/env@13.3.0":
  version "13.3.0"
  resolved "https://registry.yarnpkg.com/@next/env/-/env-13.3.0.tgz#cc2e49f03060a4684ce7ec7fd617a21bc5b9edba"
  integrity sha512-AjppRV4uG3No7L1plinoTQETH+j2F10TEnrMfzbTUYwze5sBUPveeeBAPZPm8OkJZ1epq9OyYKhZrvbD6/9HCQ==

"@next/swc-darwin-arm64@13.3.0":
  version "13.3.0"
  resolved "https://registry.yarnpkg.com/@next/swc-darwin-arm64/-/swc-darwin-arm64-13.3.0.tgz#38f18e0639cd4c7edc6a38d4b83fe00f38eea4f2"
  integrity sha512-DmIQCNq6JtccLPPBzf0dgh2vzMWt5wjxbP71pCi5EWpWYE3MsP6FcRXi4MlAmFNDQOfcFXR2r7kBeG1LpZUh1w==

"@next/swc-darwin-x64@13.3.0":
  version "13.3.0"
  resolved "https://registry.yarnpkg.com/@next/swc-darwin-x64/-/swc-darwin-x64-13.3.0.tgz#b670ed1fd1d231aa21279173ec52e3ad56dc6aeb"
  integrity sha512-oQoqFa88OGgwnYlnAGHVct618FRI/749se0N3S8t9Bzdv5CRbscnO0RcX901+YnNK4Q6yeiizfgO3b7kogtsZg==

"@next/swc-linux-arm64-gnu@13.3.0":
  version "13.3.0"
  resolved "https://registry.yarnpkg.com/@next/swc-linux-arm64-gnu/-/swc-linux-arm64-gnu-13.3.0.tgz#b114935f6b4c94c123f6cac55a4823d483209ba5"
  integrity sha512-Wzz2p/WqAJUqTVoLo6H18WMeAXo3i+9DkPDae4oQG8LMloJ3if4NEZTnOnTUlro6cq+S/W4pTGa97nWTrOjbGw==

"@next/swc-linux-arm64-musl@13.3.0":
  version "13.3.0"
  resolved "https://registry.yarnpkg.com/@next/swc-linux-arm64-musl/-/swc-linux-arm64-musl-13.3.0.tgz#67a57309f8761c7d00d629d6785d56ed0567a0d2"
  integrity sha512-xPVrIQOQo9WXJYgmoTlMnAD/HlR/1e1ZIWGbwIzEirXBVBqMARUulBEIKdC19zuvoJ477qZJgBDCKtKEykCpyQ==

"@next/swc-linux-x64-gnu@13.3.0":
  version "13.3.0"
  resolved "https://registry.yarnpkg.com/@next/swc-linux-x64-gnu/-/swc-linux-x64-gnu-13.3.0.tgz#11bd2bea7c00b40be111c0dd16e71171f3792086"
  integrity sha512-jOFlpGuPD7W2tuXVJP4wt9a3cpNxWAPcloq5EfMJRiXsBBOjLVFZA7boXYxEBzSVgUiVVr1V9T0HFM7pULJ1qA==

"@next/swc-linux-x64-musl@13.3.0":
  version "13.3.0"
  resolved "https://registry.yarnpkg.com/@next/swc-linux-x64-musl/-/swc-linux-x64-musl-13.3.0.tgz#d57e99f85890799b78719c3ea32a4624de8d701b"
  integrity sha512-2OwKlzaBgmuet9XYHc3KwsEilzb04F540rlRXkAcjMHL7eCxB7uZIGtsVvKOnQLvC/elrUegwSw1+5f7WmfyOw==

"@next/swc-win32-arm64-msvc@13.3.0":
  version "13.3.0"
  resolved "https://registry.yarnpkg.com/@next/swc-win32-arm64-msvc/-/swc-win32-arm64-msvc-13.3.0.tgz#0c209aa35d1c88b01e78259a89cd68f4139b5093"
  integrity sha512-OeHiA6YEvndxT46g+rzFK/MQTfftKxJmzslERMu9LDdC6Kez0bdrgEYed5eXFK2Z1viKZJCGRlhd06rBusyztA==

"@next/swc-win32-ia32-msvc@13.3.0":
  version "13.3.0"
  resolved "https://registry.yarnpkg.com/@next/swc-win32-ia32-msvc/-/swc-win32-ia32-msvc-13.3.0.tgz#52ae74da1dd6d840c3743923367d27ed013803dd"
  integrity sha512-4aB7K9mcVK1lYEzpOpqWrXHEZympU3oK65fnNcY1Qc4HLJFLJj8AViuqQd4jjjPNuV4sl8jAwTz3gN5VNGWB7w==

"@next/swc-win32-x64-msvc@13.3.0":
  version "13.3.0"
  resolved "https://registry.yarnpkg.com/@next/swc-win32-x64-msvc/-/swc-win32-x64-msvc-13.3.0.tgz#db7b55fee834dc8c2c484c696469e65bae2ee770"
  integrity sha512-Reer6rkLLcoOvB0dd66+Y7WrWVFH7sEEkF/4bJCIfsSKnTStTYaHtwIJAwbqnt9I392Tqvku0KkoqZOryWV9LQ==

"@react-spring/animated@~9.7.1":
  version "9.7.1"
  resolved "https://registry.yarnpkg.com/@react-spring/animated/-/animated-9.7.1.tgz#0f2d78184ee0cce703acd41abb87ea56765b5713"
  integrity sha512-EX5KAD9y7sD43TnLeTNG1MgUVpuRO1YaSJRPawHNRgUWYfILge3s85anny4S4eTJGpdp5OoFV2kx9fsfeo0qsw==
  dependencies:
    "@react-spring/shared" "~9.7.1"
    "@react-spring/types" "~9.7.1"

"@react-spring/core@~9.7.1":
  version "9.7.1"
  resolved "https://registry.yarnpkg.com/@react-spring/core/-/core-9.7.1.tgz#cfe176a48ee0a05545b1af5f2fbae718b50e9a99"
  integrity sha512-8K9/FaRn5VvMa24mbwYxwkALnAAyMRdmQXrARZLcBW2vxLJ6uw9Cy3d06Z8M12kEqF2bDlccaCSDsn2bSz+Q4A==
  dependencies:
    "@react-spring/animated" "~9.7.1"
    "@react-spring/rafz" "~9.7.1"
    "@react-spring/shared" "~9.7.1"
    "@react-spring/types" "~9.7.1"

"@react-spring/konva@~9.7.1":
  version "9.7.1"
  resolved "https://registry.yarnpkg.com/@react-spring/konva/-/konva-9.7.1.tgz#25640892f88bde06c3ab96c875e5f7408abbce43"
  integrity sha512-74svXHtUJi6Tvk9mNLUV1/1WfU8MdWsTK6JUpvmJr/rUr8r3FdOokk22icbgEg6AjxCkIf5e2WFovCCHUSyS0w==
  dependencies:
    "@react-spring/animated" "~9.7.1"
    "@react-spring/core" "~9.7.1"
    "@react-spring/shared" "~9.7.1"
    "@react-spring/types" "~9.7.1"

"@react-spring/native@~9.7.1":
  version "9.7.1"
  resolved "https://registry.yarnpkg.com/@react-spring/native/-/native-9.7.1.tgz#3f397f946fc9a7dd4d7d432f8c0a4726d7723751"
  integrity sha512-dHWeH0UuE+Rxc3YZFLp8Aq0RBP07sdOgI7pLVG46OzkMRs2RtJeWJxB6UXIWAgcYDqWDk2REAPhLD3ItDl0tDQ==
  dependencies:
    "@react-spring/animated" "~9.7.1"
    "@react-spring/core" "~9.7.1"
    "@react-spring/shared" "~9.7.1"
    "@react-spring/types" "~9.7.1"

"@react-spring/rafz@~9.7.1":
  version "9.7.1"
  resolved "https://registry.yarnpkg.com/@react-spring/rafz/-/rafz-9.7.1.tgz#bdfea463fcb5ddc4e7253a8fa3870dd52ebbc59a"
  integrity sha512-JSsrRfbEJvuE3w/uvU3mCTuWwpQcBXkwoW14lBgzK9XJhuxmscGo59AgJUpFkGOiGAVXFBGB+nEXtSinFsopgw==

"@react-spring/shared@~9.7.1":
  version "9.7.1"
  resolved "https://registry.yarnpkg.com/@react-spring/shared/-/shared-9.7.1.tgz#29611bb63d0c9e1ac18b6ced7aa4db1d48d136f3"
  integrity sha512-R2kZ+VOO6IBeIAYTIA3C1XZ0ZVg/dDP5FKtWaY8k5akMer9iqf5H9BU0jyt3Qtxn0qQY7whQdf6MTcWtKeaawg==
  dependencies:
    "@react-spring/rafz" "~9.7.1"
    "@react-spring/types" "~9.7.1"

"@react-spring/three@~9.7.1":
  version "9.7.1"
  resolved "https://registry.yarnpkg.com/@react-spring/three/-/three-9.7.1.tgz#0dab3b5e96bb6e10db0a1363938e46fc68a861e4"
  integrity sha512-5leUe0PDwIIw1M3GN3788zwTY4Ykyy+kNvQmg9+Hqs1DN3T8J1ovRTGwqWfGAu4ApTta9p5BH7SWNxxt3NO59Q==
  dependencies:
    "@react-spring/animated" "~9.7.1"
    "@react-spring/core" "~9.7.1"
    "@react-spring/shared" "~9.7.1"
    "@react-spring/types" "~9.7.1"

"@react-spring/types@~9.7.1":
  version "9.7.1"
  resolved "https://registry.yarnpkg.com/@react-spring/types/-/types-9.7.1.tgz#b540752a479d210c6fb68d2b1d5ff35556df4308"
  integrity sha512-yBcyfKUeZv9wf/ZFrQszvhSPuDx6Py6yMJzpMnS+zxcZmhXPeOCKZSHwqrUz1WxvuRckUhlgb7eNI/x5e1e8CA==

"@react-spring/web@~9.7.1":
  version "9.7.1"
  resolved "https://registry.yarnpkg.com/@react-spring/web/-/web-9.7.1.tgz#a9ee730d06c686b8432cd20f41683b1acb9b6300"
  integrity sha512-6uUE5MyKqdrJnIJqlDN/AXf3i8PjOQzUuT26nkpsYxUGOk7c+vZVPcfrExLSoKzTb9kF0i66DcqzO5fXz/Z1AA==
  dependencies:
    "@react-spring/animated" "~9.7.1"
    "@react-spring/core" "~9.7.1"
    "@react-spring/shared" "~9.7.1"
    "@react-spring/types" "~9.7.1"

"@react-spring/zdog@~9.7.1":
  version "9.7.1"
  resolved "https://registry.yarnpkg.com/@react-spring/zdog/-/zdog-9.7.1.tgz#474a1366d7b71d623e0dff0e37a243b505e8c1a6"
  integrity sha512-FeDws+7ZSoi91TUjxKnq3xmdOW6fthmqky6zSPIZq1NomeyO7+xwbxjtu15IqoWG4DJ9pouVZDijvBQXUNl0Mw==
  dependencies:
    "@react-spring/animated" "~9.7.1"
    "@react-spring/core" "~9.7.1"
    "@react-spring/shared" "~9.7.1"
    "@react-spring/types" "~9.7.1"

"@swc/helpers@0.4.14":
  version "0.4.14"
  resolved "https://registry.yarnpkg.com/@swc/helpers/-/helpers-0.4.14.tgz#1352ac6d95e3617ccb7c1498ff019654f1e12a74"
  integrity sha512-4C7nX/dvpzB7za4Ql9K81xK3HPxCpHMgwTZVyf+9JQ6VUbn9jjZVN7/Nkdz/Ugzs2CSjqnL/UPXroiVBVHUWUw==
  dependencies:
    tslib "^2.4.0"

"@types/node@^18.16.3":
  version "18.16.3"
  resolved "https://registry.yarnpkg.com/@types/node/-/node-18.16.3.tgz#6bda7819aae6ea0b386ebc5b24bdf602f1b42b01"
  integrity sha512-OPs5WnnT1xkCBiuQrZA4+YAV4HEJejmHneyraIaxsbev5yCEr6KMwINNFP9wQeFIw8FWcoTqF3vQsa5CDaI+8Q==

"@types/prop-types@*":
  version "15.7.3"
  resolved "https://registry.yarnpkg.com/@types/prop-types/-/prop-types-15.7.3.tgz#2ab0d5da2e5815f94b0b9d4b95d1e5f243ab2ca7"
  integrity sha512-KfRL3PuHmqQLOG+2tGpRO26Ctg+Cq1E01D2DMriKEATHgWLfeNDmq9e29Q9WIky0dQ3NPkd1mzYH8Lm936Z9qw==

"@types/react@^18.2.0":
  version "18.2.0"
  resolved "https://registry.yarnpkg.com/@types/react/-/react-18.2.0.tgz#15cda145354accfc09a18d2f2305f9fc099ada21"
  integrity sha512-0FLj93y5USLHdnhIhABk83rm8XEGA7kH3cr+YUlvxoUGp1xNt/DINUMvqPxLyOQMzLmZe8i4RTHbvb8MC7NmrA==
  dependencies:
    "@types/prop-types" "*"
    "@types/scheduler" "*"
    csstype "^3.0.2"

"@types/scheduler@*":
  version "0.16.1"
  resolved "https://registry.yarnpkg.com/@types/scheduler/-/scheduler-0.16.1.tgz#18845205e86ff0038517aab7a18a62a6b9f71275"
  integrity sha512-EaCxbanVeyxDRTQBkdLb3Bvl/HK7PBK6UJjsSixB0iHKoWxE5uu2Q/DgtpOhPIojN0Zl1whvOd7PoHs2P0s5eA==

busboy@1.6.0:
  version "1.6.0"
  resolved "https://registry.yarnpkg.com/busboy/-/busboy-1.6.0.tgz#966ea36a9502e43cdb9146962523b92f531f6893"
  integrity sha512-8SFQbg/0hQ9xy3UNTB0YEnsNBbWfhf7RtnzpL7TkBiTBRfrQ9Fxcnz7VJsleJpyp6rVLvXiuORqjlHi5q+PYuA==
  dependencies:
    streamsearch "^1.1.0"

caniuse-lite@^1.0.30001406:
  version "1.0.30001407"
  resolved "https://registry.yarnpkg.com/caniuse-lite/-/caniuse-lite-1.0.30001407.tgz#92281a6ee67cb90bfd8a6a1201fcc2dc19b60a15"
  integrity sha512-4ydV+t4P7X3zH83fQWNDX/mQEzYomossfpViCOx9zHBSMV+rIe3LFqglHHtVyvNl1FhTNxPxs3jei82iqOW04w==

client-only@0.0.1:
  version "0.0.1"
  resolved "https://registry.yarnpkg.com/client-only/-/client-only-0.0.1.tgz#38bba5d403c41ab150bff64a95c85013cf73bca1"
  integrity sha512-IV3Ou0jSMzZrd3pZ48nLkT9DA7Ag1pnPzaiQhpW7c3RbcqqzvzzVu+L8gfqMp/8IM2MQtSiqaCxrrcfu8I8rMA==

csstype@^3.0.2:
  version "3.0.7"
  resolved "https://registry.yarnpkg.com/csstype/-/csstype-3.0.7.tgz#2a5fb75e1015e84dd15692f71e89a1450290950b"
  integrity sha512-KxnUB0ZMlnUWCsx2Z8MUsr6qV6ja1w9ArPErJaJaF8a5SOWoHLIszeCTKGRGRgtLgYrs1E8CHkNSP1VZTTPc9g==

"js-tokens@^3.0.0 || ^4.0.0":
  version "4.0.0"
  resolved "https://registry.yarnpkg.com/js-tokens/-/js-tokens-4.0.0.tgz#19203fb59991df98e3a287050d4647cdeaf32499"
  integrity sha512-RdJUflcE3cUzKiMqQgsCu06FPu9UdIJO0beYbPhHN4k6apgJtifcoCtT9bcxOpYBtpD2kCM6Sbzg4CausW/PKQ==

loose-envify@^1.1.0:
  version "1.4.0"
  resolved "https://registry.yarnpkg.com/loose-envify/-/loose-envify-1.4.0.tgz#71ee51fa7be4caec1a63839f7e682d8132d30caf"
  integrity sha512-lyuxPGr/Wfhrlem2CL/UcnUc1zcqKAImBDzukY7Y5F/yQiNdko6+fRLevlw1HgMySw7f611UIY408EtxRSoK3Q==
  dependencies:
    js-tokens "^3.0.0 || ^4.0.0"

nanoid@^3.3.4:
  version "3.3.4"
  resolved "https://registry.yarnpkg.com/nanoid/-/nanoid-3.3.4.tgz#730b67e3cd09e2deacf03c027c81c9d9dbc5e8ab"
  integrity sha512-MqBkQh/OHTS2egovRtLk45wEyNXwF+cokD+1YPf9u5VfJiRdAiRwB2froX5Co9Rh20xs4siNPm8naNotSD6RBw==

next@13.3.0:
  version "13.3.0"
  resolved "https://registry.yarnpkg.com/next/-/next-13.3.0.tgz#40632d303d74fc8521faa0a5bf4a033a392749b1"
  integrity sha512-OVTw8MpIPa12+DCUkPqRGPS3thlJPcwae2ZL4xti3iBff27goH024xy4q2lhlsdoYiKOi8Kz6uJoLW/GXwgfOA==
  dependencies:
    "@next/env" "13.3.0"
    "@swc/helpers" "0.4.14"
    busboy "1.6.0"
    caniuse-lite "^1.0.30001406"
    postcss "8.4.14"
    styled-jsx "5.1.1"
  optionalDependencies:
    "@next/swc-darwin-arm64" "13.3.0"
    "@next/swc-darwin-x64" "13.3.0"
    "@next/swc-linux-arm64-gnu" "13.3.0"
    "@next/swc-linux-arm64-musl" "13.3.0"
    "@next/swc-linux-x64-gnu" "13.3.0"
    "@next/swc-linux-x64-musl" "13.3.0"
    "@next/swc-win32-arm64-msvc" "13.3.0"
    "@next/swc-win32-ia32-msvc" "13.3.0"
    "@next/swc-win32-x64-msvc" "13.3.0"

picocolors@^1.0.0:
  version "1.0.0"
  resolved "https://registry.yarnpkg.com/picocolors/-/picocolors-1.0.0.tgz#cb5bdc74ff3f51892236eaf79d68bc44564ab81c"
  integrity sha512-1fygroTLlHu66zi26VoTDv8yRgm0Fccecssto+MhsZ0D/DGW2sm8E8AjW7NU5VVTRt5GxbeZ5qBuJr+HyLYkjQ==

postcss@8.4.14:
  version "8.4.14"
  resolved "https://registry.yarnpkg.com/postcss/-/postcss-8.4.14.tgz#ee9274d5622b4858c1007a74d76e42e56fd21caf"
  integrity sha512-E398TUmfAYFPBSdzgeieK2Y1+1cpdxJx8yXbK/m57nRhKSmk1GB2tO4lbLBtlkfPQTDKfe4Xqv1ASWPpayPEig==
  dependencies:
    nanoid "^3.3.4"
    picocolors "^1.0.0"
    source-map-js "^1.0.2"

react-dom@18.2.0:
  version "18.2.0"
  resolved "https://registry.yarnpkg.com/react-dom/-/react-dom-18.2.0.tgz#22aaf38708db2674ed9ada224ca4aa708d821e3d"
  integrity sha512-6IMTriUmvsjHUjNtEDudZfuDQUoWXVxKHhlEGSk81n4YFS+r/Kl99wXiwlVXtPBtJenozv2P+hxDsw9eA7Xo6g==
  dependencies:
    loose-envify "^1.1.0"
    scheduler "^0.23.0"

react-spring@^9.7.1:
  version "9.7.1"
  resolved "https://registry.yarnpkg.com/react-spring/-/react-spring-9.7.1.tgz#8acfed700823490a4d9d4cf131c5fea12d1aaa93"
  integrity sha512-o2+r2DNQDVEuefiz33ZF76DPd/gLq3kbdObJmllGF2IUfv2W6x+ZP0gR97QYCSR4QLbmOl1mPKUBbI+FJdys2Q==
  dependencies:
    "@react-spring/core" "~9.7.1"
    "@react-spring/konva" "~9.7.1"
    "@react-spring/native" "~9.7.1"
    "@react-spring/three" "~9.7.1"
    "@react-spring/web" "~9.7.1"
    "@react-spring/zdog" "~9.7.1"

react@18.2.0:
  version "18.2.0"
  resolved "https://registry.yarnpkg.com/react/-/react-18.2.0.tgz#555bd98592883255fa00de14f1151a917b5d77d5"
  integrity sha512-/3IjMdb2L9QbBdWiW5e3P2/npwMBaU9mHCSCUzNln0ZCYbcfTsGbTJrU/kGemdH2IWmB2ioZ+zkxtmq6g09fGQ==
  dependencies:
    loose-envify "^1.1.0"

scheduler@^0.23.0:
  version "0.23.0"
  resolved "https://registry.yarnpkg.com/scheduler/-/scheduler-0.23.0.tgz#ba8041afc3d30eb206a487b6b384002e4e61fdfe"
  integrity sha512-CtuThmgHNg7zIZWAXi3AsyIzA3n4xx7aNyjwC2VJldO2LMVDhFK+63xGqq6CsJH4rTAt6/M+N4GhZiDYPx9eUw==
  dependencies:
    loose-envify "^1.1.0"

source-map-js@^1.0.2:
  version "1.0.2"
  resolved "https://registry.yarnpkg.com/source-map-js/-/source-map-js-1.0.2.tgz#adbc361d9c62df380125e7f161f71c826f1e490c"
  integrity sha512-R0XvVJ9WusLiqTCEiGCmICCMplcCkIwwR11mOSD9CR5u+IXYdiseeEuXCVAjS54zqwkLcPNnmU4OeJ6tUrWhDw==

streamsearch@^1.1.0:
  version "1.1.0"
  resolved "https://registry.yarnpkg.com/streamsearch/-/streamsearch-1.1.0.tgz#404dd1e2247ca94af554e841a8ef0eaa238da764"
  integrity sha512-Mcc5wHehp9aXz1ax6bZUyY5afg9u2rv5cqQI3mRrYkGC8rW2hM02jWuwjtL++LS5qinSyhj2QfLyNsuc+VsExg==

styled-jsx@5.1.1:
  version "5.1.1"
  resolved "https://registry.yarnpkg.com/styled-jsx/-/styled-jsx-5.1.1.tgz#839a1c3aaacc4e735fed0781b8619ea5d0009d1f"
  integrity sha512-pW7uC1l4mBZ8ugbiZrcIsiIvVx1UmTfw7UkC3Um2tmfUq9Bhk8IiyEIPl6F8agHgjzku6j0xQEZbfA5uSgSaCw==
  dependencies:
    client-only "0.0.1"

tslib@^2.4.0:
  version "2.4.0"
  resolved "https://registry.yarnpkg.com/tslib/-/tslib-2.4.0.tgz#7cecaa7f073ce680a05847aa77be941098f36dc3"
  integrity sha512-d6xOpEDfsi2CZVlPQzGeux8XMwLT9hssAsaPYExaQMuYskwb+x1x7J371tWlbBdWHroy99KnVB6qIkUbs5X3UQ==

typescript@^5.0.4:
  version "5.0.4"
  resolved "https://registry.yarnpkg.com/typescript/-/typescript-5.0.4.tgz#b217fd20119bd61a94d4011274e0ab369058da3b"
  integrity sha512-cW9T5W9xY37cc+jfEnaUvX91foxtHkza3Nw3wkoF4sSlKn0MONdkdEndig/qPBWXNkmplh3NzayQzCiHM4/hqw==
